
Microsoft Visual Studio Solution File, Format Version 12.00
# Visual Studio 15
VisualStudioVersion = 15.0.28307.1340
MinimumVisualStudioVersion = 10.0.40219.1
Project("{FAE04EC0-301F-11D3-BF4B-00C04F79EFBC}") = "DA", "DA\DA.csproj", "{38790D46-45E2-406A-A8D7-F8A16C620539}"
EndProject
Global
	GlobalSection(SolutionConfigurationPlatforms) = preSolution
		Debug|Any CPU = Debug|Any CPU
		Release|Any CPU = Release|Any CPU
	EndGlobalSection
	GlobalSection(ProjectConfigurationPlatforms) = postSolution
		{38790D46-45E2-406A-A8D7-F8A16C620539}.Debug|Any CPU.ActiveCfg = Debug|Any CPU
		{38790D46-45E2-406A-A8D7-F8A16C620539}.Debug|Any CPU.Build.0 = Debug|Any CPU
		{38790D46-45E2-406A-A8D7-F8A16C620539}.Release|Any CPU.ActiveCfg = Release|Any CPU
		{38790D46-45E2-406A-A8D7-F8A16C620539}.Release|Any CPU.Build.0 = Release|Any CPU
	EndGlobalSection
	GlobalSection(SolutionProperties) = preSolution
		HideSolutionNode = FALSE
	EndGlobalSection
	GlobalSection(ExtensibilityGlobals) = postSolution
		SolutionGuid = {DF1A11F9-FA11-4A8B-802B-31DF4BFD1559}
	EndGlobalSection
EndGlobal
