
Microsoft Visual Studio Solution File, Format Version 12.00
# Visual Studio Version 16
VisualStudioVersion = 16.0.31205.134
MinimumVisualStudioVersion = 10.0.40219.1
Project("{FAE04EC0-301F-11D3-BF4B-00C04F79EFBC}") = "GV", "GV\GV.csproj", "{ECFBB224-1CEA-4909-A5AF-D8EFF533FE5A}"
EndProject
Global
	GlobalSection(SolutionConfigurationPlatforms) = preSolution
		Debug|Any CPU = Debug|Any CPU
		Release|Any CPU = Release|Any CPU
	EndGlobalSection
	GlobalSection(ProjectConfigurationPlatforms) = postSolution
		{ECFBB224-1CEA-4909-A5AF-D8EFF533FE5A}.Debug|Any CPU.ActiveCfg = Debug|Any CPU
		{ECFBB224-1CEA-4909-A5AF-D8EFF533FE5A}.Debug|Any CPU.Build.0 = Debug|Any CPU
		{ECFBB224-1CEA-4909-A5AF-D8EFF533FE5A}.Release|Any CPU.ActiveCfg = Release|Any CPU
		{ECFBB224-1CEA-4909-A5AF-D8EFF533FE5A}.Release|Any CPU.Build.0 = Release|Any CPU
	EndGlobalSection
	GlobalSection(SolutionProperties) = preSolution
		HideSolutionNode = FALSE
	EndGlobalSection
	GlobalSection(ExtensibilityGlobals) = postSolution
		SolutionGuid = {35AA76F0-217E-41BD-A63E-6FC361930256}
	EndGlobalSection
EndGlobal
